
Microsoft Visual Studio Solution File, Format Version 12.00
# Visual Studio Version 17
VisualStudioVersion = 17.12.35707.178
MinimumVisualStudioVersion = 10.0.40219.1
Project("{FAE04EC0-301F-11D3-BF4B-00C04F79EFBC}") = "GameOfLife.Core", "src\GameOfLife.Core\GameOfLife.Core.csproj", "{D186AC09-F0F7-474C-8FD9-C022E007AC8E}"
EndProject
Project("{FAE04EC0-301F-11D3-BF4B-00C04F79EFBC}") = "GameOfLife.CLI", "src\GameOfLife.Console\GameOfLife.CLI.csproj", "{6646F7D9-0C10-4362-A1DC-FBE0FE01969F}"
EndProject
Global
	GlobalSection(SolutionConfigurationPlatforms) = preSolution
		Debug|Any CPU = Debug|Any CPU
		Release|Any CPU = Release|Any CPU
	EndGlobalSection
	GlobalSection(ProjectConfigurationPlatforms) = postSolution
		{D186AC09-F0F7-474C-8FD9-C022E007AC8E}.Debug|Any CPU.ActiveCfg = Debug|Any CPU
		{D186AC09-F0F7-474C-8FD9-C022E007AC8E}.Debug|Any CPU.Build.0 = Debug|Any CPU
		{D186AC09-F0F7-474C-8FD9-C022E007AC8E}.Release|Any CPU.ActiveCfg = Release|Any CPU
		{D186AC09-F0F7-474C-8FD9-C022E007AC8E}.Release|Any CPU.Build.0 = Release|Any CPU
		{6646F7D9-0C10-4362-A1DC-FBE0FE01969F}.Debug|Any CPU.ActiveCfg = Debug|Any CPU
		{6646F7D9-0C10-4362-A1DC-FBE0FE01969F}.Debug|Any CPU.Build.0 = Debug|Any CPU
		{6646F7D9-0C10-4362-A1DC-FBE0FE01969F}.Release|Any CPU.ActiveCfg = Release|Any CPU
		{6646F7D9-0C10-4362-A1DC-FBE0FE01969F}.Release|Any CPU.Build.0 = Release|Any CPU
	EndGlobalSection
	GlobalSection(SolutionProperties) = preSolution
		HideSolutionNode = FALSE
	EndGlobalSection
EndGlobal
